// !$*UTF8*$!
{
	archiveVersion = 1;
	classes = {
	};
	objectVersion = 46;
	objects = {

/* Begin PBXBuildFile section */
		442B228E1BF2417C0015E050 /* AppDelegate.swift in Sources */ = {isa = PBXBuildFile; fileRef = 442B228D1BF2417C0015E050 /* AppDelegate.swift */; };
		442B22901BF2417C0015E050 /* ViewController.swift in Sources */ = {isa = PBXBuildFile; fileRef = 442B228F1BF2417C0015E050 /* ViewController.swift */; };
		442B22931BF2417C0015E050 /* Main.storyboard in Resources */ = {isa = PBXBuildFile; fileRef = 442B22911BF2417C0015E050 /* Main.storyboard */; };
		442B22951BF2417C0015E050 /* Assets.xcassets in Resources */ = {isa = PBXBuildFile; fileRef = 442B22941BF2417C0015E050 /* Assets.xcassets */; };
		442B22981BF2417C0015E050 /* LaunchScreen.storyboard in Resources */ = {isa = PBXBuildFile; fileRef = 442B22961BF2417C0015E050 /* LaunchScreen.storyboard */; };
		442B22A01BF243E70015E050 /* TheButton.swift in Sources */ = {isa = PBXBuildFile; fileRef = 442B229F1BF243E70015E050 /* TheButton.swift */; };
/* End PBXBuildFile section */

/* Begin PBXFileReference section */
		442B228A1BF2417C0015E050 /* Clock.app */ = {isa = PBXFileReference; explicitFileType = wrapper.application; includeInIndex = 0; path = Clock.app; sourceTree = BUILT_PRODUCTS_DIR; };
		442B228D1BF2417C0015E050 /* AppDelegate.swift */ = {isa = PBXFileReference; lastKnownFileType = sourcecode.swift; path = AppDelegate.swift; sourceTree = "<group>"; };
		442B228F1BF2417C0015E050 /* ViewController.swift */ = {isa = PBXFileReference; lastKnownFileType = sourcecode.swift; path = ViewController.swift; sourceTree = "<group>"; };
		442B22921BF2417C0015E050 /* Base */ = {isa = PBXFileReference; lastKnownFileType = file.storyboard; name = Base; path = Base.lproj/Main.storyboard; sourceTree = "<group>"; };
		442B22941BF2417C0015E050 /* Assets.xcassets */ = {isa = PBXFileReference; lastKnownFileType = folder.assetcatalog; path = Assets.xcassets; sourceTree = "<group>"; };
		442B22971BF2417C0015E050 /* Base */ = {isa = PBXFileReference; lastKnownFileType = file.storyboard; name = Base; path = Base.lproj/LaunchScreen.storyboard; sourceTree = "<group>"; };
		442B22991BF2417C0015E050 /* Info.plist */ = {isa = PBXFileReference; lastKnownFileType = text.plist.xml; path = Info.plist; sourceTree = "<group>"; };
		442B229F1BF243E70015E050 /* TheButton.swift */ = {isa = PBXFileReference; fileEncoding = 4; lastKnownFileType = sourcecode.swift; path = TheButton.swift; sourceTree = "<group>"; };
/* End PBXFileReference section */

/* Begin PBXFrameworksBuildPhase section */
		442B22871BF2417C0015E050 /* Frameworks */ = {
			isa = PBXFrameworksBuildPhase;
			buildActionMask = 2147483647;
			files = (
			);
			runOnlyForDeploymentPostprocessing = 0;
		};
/* End PBXFrameworksBuildPhase section */

/* Begin PBXGroup section */
		442B22811BF2417C0015E050 = {
			isa = PBXGroup;
			children = (
				442B228C1BF2417C0015E050 /* Clock */,
				442B228B1BF2417C0015E050 /* Products */,
			);
			sourceTree = "<group>";
		};
		442B228B1BF2417C0015E050 /* Products */ = {
			isa = PBXGroup;
			children = (
				442B228A1BF2417C0015E050 /* Clock.app */,
			);
			name = Products;
			sourceTree = "<group>";
		};
		442B228C1BF2417C0015E050 /* Clock */ = {
			isa = PBXGroup;
			children = (
				442B228D1BF2417C0015E050 /* AppDelegate.swift */,
				442B229F1BF243E70015E050 /* TheButton.swift */,
				442B228F1BF2417C0015E050 /* ViewController.swift */,
				442B22911BF2417C0015E050 /* Main.storyboard */,
				442B22941BF2417C0015E050 /* Assets.xcassets */,
				442B22961BF2417C0015E050 /* LaunchScreen.storyboard */,
				442B22991BF2417C0015E050 /* Info.plist */,
			);
			path = Clock;
			sourceTree = "<group>";
		};
/* End PBXGroup section */

/* Begin PBXNativeTarget section */
		442B22891BF2417C0015E050 /* Clock */ = {
			isa = PBXNativeTarget;
			buildConfigurationList = 442B229C1BF2417C0015E050 /* Build configuration list for PBXNativeTarget "Clock" */;
			buildPhases = (
				442B22861BF2417C0015E050 /* Sources */,
				442B22871BF2417C0015E050 /* Frameworks */,
				442B22881BF2417C0015E050 /* Resources */,
			);
			buildRules = (
			);
			dependencies = (
			);
			name = Clock;
			productName = Clock;
			productReference = 442B228A1BF2417C0015E050 /* Clock.app */;
			productType = "com.apple.product-type.application";
		};
/* End PBXNativeTarget section */

/* Begin PBXProject section */
		442B22821BF2417C0015E050 /* Project object */ = {
			isa = PBXProject;
			attributes = {
				LastSwiftUpdateCheck = 0710;
				LastUpgradeCheck = 0710;
				ORGANIZATIONNAME = "Paul Vagner";
				TargetAttributes = {
					442B22891BF2417C0015E050 = {
						CreatedOnToolsVersion = 7.1;
						DevelopmentTeam = PT7UDVZFDN;
					};
				};
			};
			buildConfigurationList = 442B22851BF2417C0015E050 /* Build configuration list for PBXProject "Clock" */;
			compatibilityVersion = "Xcode 3.2";
			developmentRegion = English;
			hasScannedForEncodings = 0;
			knownRegions = (
				en,
				Base,
			);
			mainGroup = 442B22811BF2417C0015E050;
			productRefGroup = 442B228B1BF2417C0015E050 /* Products */;
			projectDirPath = "";
			projectRoot = "";
			targets = (
				442B22891BF2417C0015E050 /* Clock */,
			);
		};
/* End PBXProject section */

/* Begin PBXResourcesBuildPhase section */
		442B22881BF2417C0015E050 /* Resources */ = {
			isa = PBXResourcesBuildPhase;
			buildActionMask = 2147483647;
			files = (
				442B22981BF2417C0015E050 /* LaunchScreen.storyboard in Resources */,
				442B22951BF2417C0015E050 /* Assets.xcassets in Resources */,
				442B22931BF2417C0015E050 /* Main.storyboard in Resources */,
			);
			runOnlyForDeploymentPostprocessing = 0;
		};
/* End PBXResourcesBuildPhase section */

/* Begin PBXSourcesBuildPhase section */
		442B22861BF2417C0015E050 /* Sources */ = {
			isa = PBXSourcesBuildPhase;
			buildActionMask = 2147483647;
			files = (
				442B22A01BF243E70015E050 /* TheButton.swift in Sources */,
				442B22901BF2417C0015E050 /* ViewController.swift in Sources */,
				442B228E1BF2417C0015E050 /* AppDelegate.swift in Sources */,
			);
			runOnlyForDeploymentPostprocessing = 0;
		};
/* End PBXSourcesBuildPhase section */

/* Begin PBXVariantGroup section */
		442B22911BF2417C0015E050 /* Main.storyboard */ = {
			isa = PBXVariantGroup;
			children = (
				442B22921BF2417C0015E050 /* Base */,
			);
			name = Main.storyboard;
			sourceTree = "<group>";
		};
		442B22961BF2417C0015E050 /* LaunchScreen.storyboard */ = {
			isa = PBXVariantGroup;
			children = (
				442B22971BF2417C0015E050 /* Base */,
			);
			name = LaunchScreen.storyboard;
			sourceTree = "<group>";
		};
/* End PBXVariantGroup section */

/* Begin XCBuildConfiguration section */
		442B229A1BF2417C0015E050 /* Debug */ = {
			isa = XCBuildConfiguration;
			buildSettings = {
				ALWAYS_SEARCH_USER_PATHS = NO;
				CLANG_CXX_LANGUAGE_STANDARD = "gnu++0x";
				CLANG_CXX_LIBRARY = "libc++";
				CLANG_ENABLE_MODULES = YES;
				CLANG_ENABLE_OBJC_ARC = YES;
				CLANG_WARN_BOOL_CONVERSION = YES;
				CLANG_WARN_CONSTANT_CONVERSION = YES;
				CLANG_WARN_DIRECT_OBJC_ISA_USAGE = YES_ERROR;
				CLANG_WARN_EMPTY_BODY = YES;
				CLANG_WARN_ENUM_CONVERSION = YES;
				CLANG_WARN_INT_CONVERSION = YES;
				CLANG_WARN_OBJC_ROOT_CLASS = YES_ERROR;
				CLANG_WARN_UNREACHABLE_CODE = YES;
				CLANG_WARN__DUPLICATE_METHOD_MATCH = YES;
				"CODE_SIGN_IDENTITY[sdk=iphoneos*]" = "iPhone Developer";
				COPY_PHASE_STRIP = NO;
				DEBUG_INFORMATION_FORMAT = dwarf;
				ENABLE_STRICT_OBJC_MSGSEND = YES;
				ENABLE_TESTABILITY = YES;
				GCC_C_LANGUAGE_STANDARD = gnu99;
				GCC_DYNAMIC_NO_PIC = NO;
				GCC_NO_COMMON_BLOCKS = YES;
				GCC_OPTIMIZATION_LEVEL = 0;
				GCC_PREPROCESSOR_DEFINITIONS = (
					"DEBUG=1",
					"$(inherited)",
				);
				GCC_WARN_64_TO_32_BIT_CONVERSION = YES;
				GCC_WARN_ABOUT_RETURN_TYPE = YES_ERROR;
				GCC_WARN_UNDECLARED_SELECTOR = YES;
				GCC_WARN_UNINITIALIZED_AUTOS = YES_AGGRESSIVE;
				GCC_WARN_UNUSED_FUNCTION = YES;
				GCC_WARN_UNUSED_VARIABLE = YES;
				IPHONEOS_DEPLOYMENT_TARGET = 9.1;
				MTL_ENABLE_DEBUG_INFO = YES;
				ONLY_ACTIVE_ARCH = YES;
				SDKROOT = iphoneos;
				SWIFT_OPTIMIZATION_LEVEL = "-Onone";
			};
			name = Debug;
		};
		442B229B1BF2417C0015E050 /* Release */ = {
			isa = XCBuildConfiguration;
			buildSettings = {
				ALWAYS_SEARCH_USER_PATHS = NO;
				CLANG_CXX_LANGUAGE_STANDARD = "gnu++0x";
				CLANG_CXX_LIBRARY = "libc++";
				CLANG_ENABLE_MODULES = YES;
				CLANG_ENABLE_OBJC_ARC = YES;
				CLANG_WARN_BOOL_CONVERSION = YES;
				CLANG_WARN_CONSTANT_CONVERSION = YES;
				CLANG_WARN_DIRECT_OBJC_ISA_USAGE = YES_ERROR;
				CLANG_WARN_EMPTY_BODY = YES;
				CLANG_WARN_ENUM_CONVERSION = YES;
				CLANG_WARN_INT_CONVERSION = YES;
				CLANG_WARN_OBJC_ROOT_CLASS = YES_ERROR;
				CLANG_WARN_UNREACHABLE_CODE = YES;
				CLANG_WARN__DUPLICATE_METHOD_MATCH = YES;
				"CODE_SIGN_IDENTITY[sdk=iphoneos*]" = "iPhone Developer";
				COPY_PHASE_STRIP = NO;
				DEBUG_INFORMATION_FORMAT = "dwarf-with-dsym";
				ENABLE_NS_ASSERTIONS = NO;
				ENABLE_STRICT_OBJC_MSGSEND = YES;
				GCC_C_LANGUAGE_STANDARD = gnu99;
				GCC_NO_COMMON_BLOCKS = YES;
				GCC_WARN_64_TO_32_BIT_CONVERSION = YES;
				GCC_WARN_ABOUT_RETURN_TYPE = YES_ERROR;
				GCC_WARN_UNDECLARED_SELECTOR = YES;
				GCC_WARN_UNINITIALIZED_AUTOS = YES_AGGRESSIVE;
				GCC_WARN_UNUSED_FUNCTION = YES;
				GCC_WARN_UNUSED_VARIABLE = YES;
				IPHONEOS_DEPLOYMENT_TARGET = 9.1;
				MTL_ENABLE_DEBUG_INFO = NO;
				SDKROOT = iphoneos;
				VALIDATE_PRODUCT = YES;
			};
			name = Release;
		};
		442B229D1BF2417C0015E050 /* Debug */ = {
			isa = XCBuildConfiguration;
			buildSettings = {
				ASSETCATALOG_COMPILER_APPICON_NAME = AppIcon;
				CODE_SIGN_IDENTITY = "iPhone Developer";
				INFOPLIST_FILE = Clock/Info.plist;
				LD_RUNPATH_SEARCH_PATHS = "$(inherited) @executable_path/Frameworks";
				PRODUCT_BUNDLE_IDENTIFIER = com.paulvagner.Clock;
				PRODUCT_NAME = "$(TARGET_NAME)";
			};
			name = Debug;
		};
		442B229E1BF2417C0015E050 /* Release */ = {
			isa = XCBuildConfiguration;
			buildSettings = {
				ASSETCATALOG_COMPILER_APPICON_NAME = AppIcon;
				CODE_SIGN_IDENTITY = "iPhone Developer";
				INFOPLIST_FILE = Clock/Info.plist;
				LD_RUNPATH_SEARCH_PATHS = "$(inherited) @executable_path/Frameworks";
				PRODUCT_BUNDLE_IDENTIFIER = com.paulvagner.Clock;
				PRODUCT_NAME = "$(TARGET_NAME)";
			};
			name = Release;
		};
/* End XCBuildConfiguration section */

/* Begin XCConfigurationList section */
		442B22851BF2417C0015E050 /* Build configuration list for PBXProject "Clock" */ = {
			isa = XCConfigurationList;
			buildConfigurations = (
				442B229A1BF2417C0015E050 /* Debug */,
				442B229B1BF2417C0015E050 /* Release */,
			);
			defaultConfigurationIsVisible = 0;
			defaultConfigurationName = Release;
		};
		442B229C1BF2417C0015E050 /* Build configuration list for PBXNativeTarget "Clock" */ = {
			isa = XCConfigurationList;
			buildConfigurations = (
				442B229D1BF2417C0015E050 /* Debug */,
				442B229E1BF2417C0015E050 /* Release */,
			);
			defaultConfigurationIsVisible = 0;
		};
/* End XCConfigurationList section */
	};
	rootObject = 442B22821BF2417C0015E050 /* Project object */;
}
